
Microsoft Visual Studio Solution File, Format Version 12.00
# Visual Studio Version 16
VisualStudioVersion = 25.0.1706.3
MinimumVisualStudioVersion = 10.0.40219.1
Project("{FAE04EC0-301F-11D3-BF4B-00C04F79EFBC}") = "lab3.Android", "lab3\lab3.Android\lab3.Android.csproj", "{648628FD-4151-49F3-908E-653BBA0B4EC4}"
EndProject
Project("{FAE04EC0-301F-11D3-BF4B-00C04F79EFBC}") = "lab3.iOS", "lab3\lab3.iOS\lab3.iOS.csproj", "{64AE4C98-7184-4C1D-B8CE-C986240BA4B9}"
EndProject
Project("{FAE04EC0-301F-11D3-BF4B-00C04F79EFBC}") = "lab3", "lab3\lab3\lab3.csproj", "{9DCFDAB6-7FF7-45CF-A222-4E7EEA6C74EB}"
EndProject
Global
	GlobalSection(SolutionConfigurationPlatforms) = preSolution
		Debug|Any CPU = Debug|Any CPU
		Release|Any CPU = Release|Any CPU
		Debug|iPhoneSimulator = Debug|iPhoneSimulator
		Release|iPhoneSimulator = Release|iPhoneSimulator
		Debug|iPhone = Debug|iPhone
		Release|iPhone = Release|iPhone
	EndGlobalSection
	GlobalSection(ProjectConfigurationPlatforms) = postSolution
		{648628FD-4151-49F3-908E-653BBA0B4EC4}.Debug|Any CPU.ActiveCfg = Debug|Any CPU
		{648628FD-4151-49F3-908E-653BBA0B4EC4}.Debug|Any CPU.Build.0 = Debug|Any CPU
		{648628FD-4151-49F3-908E-653BBA0B4EC4}.Release|Any CPU.ActiveCfg = Release|Any CPU
		{648628FD-4151-49F3-908E-653BBA0B4EC4}.Release|Any CPU.Build.0 = Release|Any CPU
		{648628FD-4151-49F3-908E-653BBA0B4EC4}.Debug|iPhoneSimulator.ActiveCfg = Debug|Any CPU
		{648628FD-4151-49F3-908E-653BBA0B4EC4}.Debug|iPhoneSimulator.Build.0 = Debug|Any CPU
		{648628FD-4151-49F3-908E-653BBA0B4EC4}.Release|iPhoneSimulator.ActiveCfg = Release|Any CPU
		{648628FD-4151-49F3-908E-653BBA0B4EC4}.Release|iPhoneSimulator.Build.0 = Release|Any CPU
		{648628FD-4151-49F3-908E-653BBA0B4EC4}.Debug|iPhone.ActiveCfg = Debug|Any CPU
		{648628FD-4151-49F3-908E-653BBA0B4EC4}.Debug|iPhone.Build.0 = Debug|Any CPU
		{648628FD-4151-49F3-908E-653BBA0B4EC4}.Release|iPhone.ActiveCfg = Release|Any CPU
		{648628FD-4151-49F3-908E-653BBA0B4EC4}.Release|iPhone.Build.0 = Release|Any CPU
		{64AE4C98-7184-4C1D-B8CE-C986240BA4B9}.Debug|Any CPU.ActiveCfg = Debug|iPhoneSimulator
		{64AE4C98-7184-4C1D-B8CE-C986240BA4B9}.Debug|Any CPU.Build.0 = Debug|iPhoneSimulator
		{64AE4C98-7184-4C1D-B8CE-C986240BA4B9}.Release|Any CPU.ActiveCfg = Release|iPhoneSimulator
		{64AE4C98-7184-4C1D-B8CE-C986240BA4B9}.Release|Any CPU.Build.0 = Release|iPhoneSimulator
		{64AE4C98-7184-4C1D-B8CE-C986240BA4B9}.Debug|iPhoneSimulator.ActiveCfg = Debug|iPhoneSimulator
		{64AE4C98-7184-4C1D-B8CE-C986240BA4B9}.Debug|iPhoneSimulator.Build.0 = Debug|iPhoneSimulator
		{64AE4C98-7184-4C1D-B8CE-C986240BA4B9}.Release|iPhoneSimulator.ActiveCfg = Release|iPhoneSimulator
		{64AE4C98-7184-4C1D-B8CE-C986240BA4B9}.Release|iPhoneSimulator.Build.0 = Release|iPhoneSimulator
		{64AE4C98-7184-4C1D-B8CE-C986240BA4B9}.Debug|iPhone.ActiveCfg = Debug|iPhone
		{64AE4C98-7184-4C1D-B8CE-C986240BA4B9}.Debug|iPhone.Build.0 = Debug|iPhone
		{64AE4C98-7184-4C1D-B8CE-C986240BA4B9}.Release|iPhone.ActiveCfg = Release|iPhone
		{64AE4C98-7184-4C1D-B8CE-C986240BA4B9}.Release|iPhone.Build.0 = Release|iPhone
		{9DCFDAB6-7FF7-45CF-A222-4E7EEA6C74EB}.Debug|Any CPU.ActiveCfg = Debug|Any CPU
		{9DCFDAB6-7FF7-45CF-A222-4E7EEA6C74EB}.Debug|Any CPU.Build.0 = Debug|Any CPU
		{9DCFDAB6-7FF7-45CF-A222-4E7EEA6C74EB}.Release|Any CPU.ActiveCfg = Release|Any CPU
		{9DCFDAB6-7FF7-45CF-A222-4E7EEA6C74EB}.Release|Any CPU.Build.0 = Release|Any CPU
		{9DCFDAB6-7FF7-45CF-A222-4E7EEA6C74EB}.Debug|iPhoneSimulator.ActiveCfg = Debug|Any CPU
		{9DCFDAB6-7FF7-45CF-A222-4E7EEA6C74EB}.Debug|iPhoneSimulator.Build.0 = Debug|Any CPU
		{9DCFDAB6-7FF7-45CF-A222-4E7EEA6C74EB}.Release|iPhoneSimulator.ActiveCfg = Release|Any CPU
		{9DCFDAB6-7FF7-45CF-A222-4E7EEA6C74EB}.Release|iPhoneSimulator.Build.0 = Release|Any CPU
		{9DCFDAB6-7FF7-45CF-A222-4E7EEA6C74EB}.Debug|iPhone.ActiveCfg = Debug|Any CPU
		{9DCFDAB6-7FF7-45CF-A222-4E7EEA6C74EB}.Debug|iPhone.Build.0 = Debug|Any CPU
		{9DCFDAB6-7FF7-45CF-A222-4E7EEA6C74EB}.Release|iPhone.ActiveCfg = Release|Any CPU
		{9DCFDAB6-7FF7-45CF-A222-4E7EEA6C74EB}.Release|iPhone.Build.0 = Release|Any CPU
	EndGlobalSection
	GlobalSection(SolutionProperties) = preSolution
		HideSolutionNode = FALSE
	EndGlobalSection
	GlobalSection(ExtensibilityGlobals) = postSolution
		SolutionGuid = {3F0ABC7C-124F-4D0A-A686-4D46B1EF0EA0}
	EndGlobalSection
EndGlobal
